[renv]
Version=0.4.0-25

[R]
Version=3.6.0
Repositories=
	CRAN=https://cran.rstudio.com/

[R/Package/BH]
Package=BH
Version=1.69.0-1
Source=CRAN
Hash=cfad72c4156ccde689e24ed26010a931

[R/Package/DT]
Package=DT
Version=0.7
Source=CRAN
Hash=e3dfc723f4e2aebeff8ebb0077caa8eb

[R/Package/FinancialInstrument]
Package=FinancialInstrument
Version=1.3.1
Source=CRAN
Hash=c2778dd69202ddbf518eced762b386c3

[R/Package/MASS]
Package=MASS
Version=7.3-51.4
Source=CRAN
Hash=3f74d247b4ab8e3f0fd6c8655ba4ee09

[R/Package/Matrix]
Package=Matrix
Version=1.2-17
Source=CRAN
Hash=5fcbf894490760a99057e72a0df0fe8d

[R/Package/ProjectTemplate]
Package=ProjectTemplate
Version=0.9.0
Source=GitHub
RemoteType=github
RemoteHost=api.github.com
RemoteRepo=ProjectTemplate
RemoteUsername=KentonWhite
RemoteRef=master
RemoteSha=fa987a8c7961e0da49a84cdf421d1764e3052115
Hash=564fe77de87171873c2e206addd904e0

[R/Package/R.methodsS3]
Package=R.methodsS3
Version=1.7.1
Source=CRAN
Hash=dc04639f21f48fd08510acc017e07b8c

[R/Package/R.oo]
Package=R.oo
Version=1.22.0
Source=CRAN
Hash=e9ddbecdb3128b8338778ae068ace6dd

[R/Package/R.utils]
Package=R.utils
Version=2.9.0
Source=CRAN
Hash=09d0027cb56202d7e2049fe8f0120972

[R/Package/R6]
Package=R6
Version=2.4.0
Source=CRAN
Hash=4f39f15779e55cb06d47e0904b14522c

[R/Package/RColorBrewer]
Package=RColorBrewer
Version=1.1-2
Source=CRAN
Hash=c415f5010b2a1775dc6e3bd27f609666

[R/Package/Rcpp]
Package=Rcpp
Version=1.0.1
Source=CRAN
Hash=9c7023d9c0a2fb1fad5fc2e16283925e

[R/Package/RcppArmadillo]
Package=RcppArmadillo
Version=0.9.500.2.0
Source=CRAN
Hash=1e247357c5db5057d01d6dc89dc97a67

[R/Package/TTR]
Package=TTR
Version=0.23-4
Source=CRAN
Hash=2318c34d63aa8538b2ca97df34247458

[R/Package/XML]
Package=XML
Version=3.98-1.20
Source=CRAN
Hash=ac71a10010791206fc0d36398b030f01

[R/Package/askpass]
Package=askpass
Version=1.1
Source=CRAN
Hash=22d589bdbeb821c20dcff25ff641f6fb

[R/Package/assertthat]
Package=assertthat
Version=0.2.1
Source=CRAN
Hash=47c5d99ca6da06d75f480d96b9f96422

[R/Package/backports]
Package=backports
Version=1.1.4
Source=CRAN
Hash=f8cd17cda96337d3ca8d876d78df1db4

[R/Package/base64enc]
Package=base64enc
Version=0.1-3
Source=CRAN
Hash=98474bb1d2468b052cdf9c94abebc97f

[R/Package/broom]
Package=broom
Version=0.5.2
Source=CRAN
Hash=4d3320654f6e0fe0b4b1c339c507f5ae

[R/Package/callr]
Package=callr
Version=3.2.0
Source=CRAN
Hash=3d4dd4644fa525c6edad2942baaa779b

[R/Package/checkpoint]
Package=checkpoint
Version=0.4.5
Source=CRAN
Hash=923d8a5ae59fc5213890feee9c1dbdf1

[R/Package/cli]
Package=cli
Version=1.1.0
Source=CRAN
Hash=82644afba0ff56a08730bc4fc1e6448f

[R/Package/clipr]
Package=clipr
Version=0.6.0
Source=CRAN
Hash=2d0cd4cc3da87e62fa17163096a19b4f

[R/Package/clisymbols]
Package=clisymbols
Version=1.2.0
Source=CRAN
Hash=cac06d1dbd7d362670fbc95c1cbe5afe

[R/Package/codetools]
Package=codetools
Version=0.2-16
Source=CRAN
Hash=c3ba04e2aa3a227aa4f3f6daf0ba7abf

[R/Package/colorspace]
Package=colorspace
Version=1.4-1
Source=CRAN
Hash=b0f7b0980ad3d9d240be0fffea1d238b

[R/Package/crayon]
Package=crayon
Version=1.3.4
Source=CRAN
Hash=900c1d2c8e4c61b6a1814331ec34e19a

[R/Package/crosstalk]
Package=crosstalk
Version=1.0.0
Source=CRAN
Hash=b3cd6106dd84e002933f471850fdb107

[R/Package/curl]
Package=curl
Version=3.3
Source=CRAN
Hash=7adc74912a44c348c6a1eda716a5d02d

[R/Package/data.table]
Package=data.table
Version=1.12.2
Source=CRAN
Hash=9877f56dda88827d0c0e24de3bee3d73

[R/Package/dataMeta]
Package=dataMeta
Version=0.1.1
Source=CRAN
Hash=260c1b526cfb690d96de4e9ba22c78fa

[R/Package/desc]
Package=desc
Version=1.2.0
Source=CRAN
Hash=6a3b8ecf683b3ba841991635c7dc39cb

[R/Package/devtools]
Package=devtools
Version=2.0.2
Source=CRAN
Hash=d2f775f37bfcdf0f7b1f29ce4518671f

[R/Package/digest]
Package=digest
Version=0.6.19
Source=CRAN
Hash=becb277fbec47bb47863575682db79ea

[R/Package/dplyr]
Package=dplyr
Version=0.8.1
Source=CRAN
Hash=614893ba6476093f5fbcf6dde478be2b

[R/Package/evaluate]
Package=evaluate
Version=0.14
Source=CRAN
Hash=334a5c1c76a6dd07e7f14c521bedbf94

[R/Package/ezknitr]
Package=ezknitr
Version=0.6
Source=CRAN
Hash=1b73d96bf9965d3045640c3b803398fa

[R/Package/fansi]
Package=fansi
Version=0.4.0
Source=CRAN
Hash=a7730510208607abde04cfe3808e78e0

[R/Package/flexdashboard]
Package=flexdashboard
Version=0.5.1.1
Source=CRAN
Hash=e77586f370662fb5f7e65906a2947282

[R/Package/flextable]
Package=flextable
Version=0.5.4
Source=CRAN
Hash=f69d776148416f5b55ce65d837b1d002

[R/Package/foreach]
Package=foreach
Version=1.4.4
Source=CRAN
Hash=dbf7619e27fb08d45eda81527dbe60a6

[R/Package/forecast]
Package=forecast
Version=8.7
Source=CRAN
Hash=503b16ac066d2448f062959b5ac208b6

[R/Package/formatR]
Package=formatR
Version=1.7
Source=CRAN
Hash=ff71cc3f6835f20b63ab410cba48e002

[R/Package/formattable]
Package=formattable
Version=0.2.0.1
Source=CRAN
Hash=e8a8d879a88742de9bf205884b260e76

[R/Package/fracdiff]
Package=fracdiff
Version=1.4-2
Source=CRAN
Hash=ab918d90c91e5864260e88dabb6cbba6

[R/Package/fs]
Package=fs
Version=1.3.1
Source=CRAN
Hash=8373de9bc63e2090ae6f1a0dcbc85cd0

[R/Package/futile.logger]
Package=futile.logger
Version=1.4.3
Source=CRAN
Hash=38ed7722d846defde8a6aa07aca346d7

[R/Package/futile.options]
Package=futile.options
Version=1.0.1
Source=CRAN
Hash=6c216bb4322a3aa8d8b23c513ad7b459

[R/Package/gdtools]
Package=gdtools
Version=0.1.8
Source=CRAN
Hash=31d7e0938dc7d4bc8fcba51e80132bbc

[R/Package/generics]
Package=generics
Version=0.0.2
Source=CRAN
Hash=c8e7c83af79d6b104067cfbc27fd5191

[R/Package/ggplot2]
Package=ggplot2
Version=3.1.1
Source=CRAN
Hash=df87acafb40bbd463cfa4a236d916095

[R/Package/gh]
Package=gh
Version=1.0.1
Source=CRAN
Hash=31f3051488a4a3fca6098f2369f526b9

[R/Package/git2r]
Package=git2r
Version=0.25.2
Source=CRAN
Hash=c51d0a5757d1747919996004b36f4e1e

[R/Package/glue]
Package=glue
Version=1.3.1
Source=CRAN
Hash=50f8d48c8ebbfc4b68e55bd8bb5516ca

[R/Package/gtable]
Package=gtable
Version=0.3.0
Source=CRAN
Hash=1139982677066ce2ec7c8d6d12f89e3d

[R/Package/highcharter]
Package=highcharter
Version=0.7.0
Source=CRAN
Hash=ee469c58bef1995d2b385f7fdc997ecf

[R/Package/highr]
Package=highr
Version=0.8
Source=CRAN
Hash=e55de296dfdda8215e0c3fa0f4c6b84f

[R/Package/htmltools]
Package=htmltools
Version=0.3.6
Source=CRAN
Hash=acbf3a50732562af0ff1fbf1050da7ee

[R/Package/htmlwidgets]
Package=htmlwidgets
Version=1.3
Source=CRAN
Hash=b192d556875bab99bc3286e88c44e017

[R/Package/httpuv]
Package=httpuv
Version=1.5.1
Source=CRAN
Hash=6a37a3704685cc172c9b1737b45ec5a0

[R/Package/httr]
Package=httr
Version=1.4.0
Source=CRAN
Hash=ac878be52f9a4a40236b4a6102c473e6

[R/Package/igraph]
Package=igraph
Version=1.2.4.1
Source=CRAN
Hash=a9aa35b8aafe83db8c27e88181ec64dc

[R/Package/ini]
Package=ini
Version=0.3.1
Source=CRAN
Hash=f042164d195b26c2f09cba4b30b35389

[R/Package/iterators]
Package=iterators
Version=1.0.10
Source=CRAN
Hash=820915a2891e5350f6e3d7dc98f6489f

[R/Package/jsonlite]
Package=jsonlite
Version=1.6
Source=CRAN
Hash=1527c6ad6c00ff3f0d0a02b01650fd87

[R/Package/knitr]
Package=knitr
Version=1.23
Source=CRAN
Hash=190f61948f3e975dbc8f89a93c86214f

[R/Package/labeling]
Package=labeling
Version=0.3
Source=CRAN
Hash=ffa597ca526ba3020eb878a4bc1cb8ab

[R/Package/lambda.r]
Package=lambda.r
Version=1.2.3
Source=CRAN
Hash=13a8e870954cea1c79e9c4aaa6e2755a

[R/Package/later]
Package=later
Version=0.8.0
Source=CRAN
Hash=02c8a11f26574c59f675a8329104af59

[R/Package/lattice]
Package=lattice
Version=0.20-38
Source=CRAN
Hash=0251b49e8f0cc1f8fb68e587c519bae8

[R/Package/lazyeval]
Package=lazyeval
Version=0.2.2
Source=CRAN
Hash=c11c47f14490dbed7013c37a1a217cc1

[R/Package/lmtest]
Package=lmtest
Version=0.9-37
Source=CRAN
Hash=75fb4f9ef0d7cc44df84055c2974aba9

[R/Package/lubridate]
Package=lubridate
Version=1.7.4
Source=CRAN
Hash=ecc440cf76cdf90c0c34de6e0a0267fb

[R/Package/magrittr]
Package=magrittr
Version=1.5
Source=CRAN
Hash=c079d05aaae9556f4dbeea615a764871

[R/Package/markdown]
Package=markdown
Version=1.0
Source=CRAN
Hash=df98b6f344f9a72d67863dccdde3d95b

[R/Package/memoise]
Package=memoise
Version=1.1.0
Source=CRAN
Hash=833e2af3770d73b99866aca40b4c4a09

[R/Package/mgcv]
Package=mgcv
Version=1.8-28
Source=CRAN
Hash=546b79187d2ce2b5255451684b97dcc4

[R/Package/mime]
Package=mime
Version=0.6
Source=CRAN
Hash=00690a1726fcfc215a3e5908bf56802b

[R/Package/munsell]
Package=munsell
Version=0.5.0
Source=CRAN
Hash=d2e295adcf750acbd8a6afd5e15a9c1b

[R/Package/nlme]
Package=nlme
Version=3.1-140
Source=CRAN
Hash=78e8e93a2e609578f0d7085e277dcbef

[R/Package/nnet]
Package=nnet
Version=7.3-12
Source=CRAN
Hash=b5c5b7ecc881b4b4c3ac67ac359426bf

[R/Package/officer]
Package=officer
Version=0.3.4
Source=CRAN
Hash=30aab398e2b70a4b0a88ea657d7f99e6

[R/Package/openssl]
Package=openssl
Version=1.4
Source=CRAN
Hash=48cb784b7a1575c20103565139f20b17

[R/Package/pillar]
Package=pillar
Version=1.4.1
Source=CRAN
Hash=d2780725607ec9548a35aaf33291216e

[R/Package/pkgbuild]
Package=pkgbuild
Version=1.0.3
Source=CRAN
Hash=de1dac7e9b46ba778e34375f13c2bee1

[R/Package/pkgconfig]
Package=pkgconfig
Version=2.0.2
Source=CRAN
Hash=210f98df43a980ceead88427b5a3f629

[R/Package/pkgload]
Package=pkgload
Version=1.0.2
Source=CRAN
Hash=36ce9355bb0b10e1dc13319e4c9ccbb2

[R/Package/plogr]
Package=plogr
Version=0.2.0
Source=CRAN
Hash=c61d37182e7f06c0d587aa203487b400

[R/Package/plyr]
Package=plyr
Version=1.8.4
Source=CRAN
Hash=10741ef740846fb36358ef97a1e165b6

[R/Package/prettyunits]
Package=prettyunits
Version=1.0.2
Source=CRAN
Hash=0acfa2bf224e49369bde27b7523aa660

[R/Package/processx]
Package=processx
Version=3.3.1
Source=CRAN
Hash=d38d08c5fb492874ca45deb7e8875914

[R/Package/promises]
Package=promises
Version=1.0.1
Source=CRAN
Hash=fe0029f2ba52818c41d1990a814f34fa

[R/Package/ps]
Package=ps
Version=1.3.0
Source=CRAN
Hash=4e3748dcc2c7dc9aba1ef909f5115162

[R/Package/purrr]
Package=purrr
Version=0.3.2
Source=CRAN
Hash=ac87472161cfd12559f2c9fcd66813d0

[R/Package/quadprog]
Package=quadprog
Version=1.5-7
Source=CRAN
Hash=9d09e154f1c53259fb625d0b771c24b8

[R/Package/quantmod]
Package=quantmod
Version=0.4-14
Source=CRAN
Hash=f96e8f4af7966512de6119781396b8b9

[R/Package/rcmdcheck]
Package=rcmdcheck
Version=1.3.3
Source=CRAN
Hash=4a1875331885027f1928d7a0e639cb17

[R/Package/remotes]
Package=remotes
Version=2.0.4
Source=CRAN
Hash=1a91851f144aedd9884cb27d183d447c

[R/Package/reshape2]
Package=reshape2
Version=1.4.3
Source=CRAN
Hash=036286e358984519ef02581be2bd92b8

[R/Package/rlang]
Package=rlang
Version=0.3.4
Source=CRAN
Hash=cbb4e132f8198b1f9b20a0bfc5fa07ab

[R/Package/rlist]
Package=rlist
Version=0.4.6.1
Source=CRAN
Hash=dc6e5780cf99c7887cef7412f4cc5b26

[R/Package/rmarkdown]
Package=rmarkdown
Version=1.13
Source=CRAN
Hash=7721b7c5664b10ead98225b08b7bc0a8

[R/Package/rprojroot]
Package=rprojroot
Version=1.3-2
Source=CRAN
Hash=c7ae364c2def3efe51c32516d6077097

[R/Package/rstudioapi]
Package=rstudioapi
Version=0.10
Source=CRAN
Hash=0a9a57ac8bc27cafe9a3904deb2e267b

[R/Package/scales]
Package=scales
Version=1.0.0
Source=CRAN
Hash=4d8cef1c0d1d19b34469542ee0396904

[R/Package/sessioninfo]
Package=sessioninfo
Version=1.1.1
Source=CRAN
Hash=ad55b0223db8d67c78b151b9e1045eef

[R/Package/shiny]
Package=shiny
Version=1.3.2
Source=CRAN
Hash=bcded080fc158802d604633be7e9d071

[R/Package/sourcetools]
Package=sourcetools
Version=0.1.7
Source=CRAN
Hash=4f191ca8ae69d8db79e2d116458a9b39

[R/Package/stringi]
Package=stringi
Version=1.4.3
Source=CRAN
Hash=196830ccb8e4ff492b37062d19c3c9b1

[R/Package/stringr]
Package=stringr
Version=1.4.0
Source=CRAN
Hash=568b942ad8065463d9beb45c212e4089

[R/Package/sys]
Package=sys
Version=3.2
Source=CRAN
Hash=b91e3f017e9ce0eeb4148096fadbf46e

[R/Package/tibble]
Package=tibble
Version=2.1.3
Source=CRAN
Hash=503e7aee98597f5503a772673286a95f

[R/Package/tidyr]
Package=tidyr
Version=0.8.3
Source=CRAN
Hash=fe1b84e373695dd4d335e5a5ede382a7

[R/Package/tidyselect]
Package=tidyselect
Version=0.2.5
Source=CRAN
Hash=cb4e7e81a360b877572804e9a6311375

[R/Package/timeDate]
Package=timeDate
Version=3043.102
Source=CRAN
Hash=ba674bf9c35f8e845917eeb0c840fa4a

[R/Package/tinytex]
Package=tinytex
Version=0.13
Source=CRAN
Hash=48aae1a86a8099ecd595be90a5ec9fb8

[R/Package/tseries]
Package=tseries
Version=0.10-47
Source=CRAN
Hash=824158e560db025d8544757837e3bf2e

[R/Package/urca]
Package=urca
Version=1.3-0
Source=CRAN
Hash=40d2cc7c5db7bda10a63765cae985bc8

[R/Package/usethis]
Package=usethis
Version=1.5.0
Source=CRAN
Hash=32dba5832e30e7931fb4940d5dc8657a

[R/Package/utf8]
Package=utf8
Version=1.1.4
Source=CRAN
Hash=dbacd54ef408a11a83b9c0558d897970

[R/Package/uuid]
Package=uuid
Version=0.1-2
Source=CRAN
Hash=883e1e4f491909bad904726d3cf55936

[R/Package/vctrs]
Package=vctrs
Version=0.1.0
Source=CRAN
Hash=1aa2bd018857d82fdda1b6b6e21c9a5d

[R/Package/viridisLite]
Package=viridisLite
Version=0.3.0
Source=CRAN
Hash=73d2a08e725a82859b9a0633f017dd89

[R/Package/whisker]
Package=whisker
Version=0.3-2
Source=CRAN
Hash=4dbd79a7e9b8e2593c1402d68c9ee682

[R/Package/withr]
Package=withr
Version=2.1.2
Source=CRAN
Hash=95b4999c4a7610bbccfd3b5d37fbaf6b

[R/Package/xfun]
Package=xfun
Version=0.7
Source=CRAN
Hash=f406ca9b3f33f92dbbf797a1e9d2dd3e

[R/Package/xml2]
Package=xml2
Version=1.2.0
Source=CRAN
Hash=2cef311d8568a50184e12814c95c22bf

[R/Package/xopen]
Package=xopen
Version=1.0.0
Source=CRAN
Hash=b23f3e15f7f9c459e727f79f2189d60b

[R/Package/xtable]
Package=xtable
Version=1.8-4
Source=CRAN
Hash=742aa6defce9a604d675b90812e1e588

[R/Package/xts]
Package=xts
Version=0.11-2
Source=CRAN
Hash=1af835f9df13def3f6ecff97fe137259

[R/Package/yaml]
Package=yaml
Version=2.2.0
Source=CRAN
Hash=1cf8dfe48ca1f014d5bdad603950c414

[R/Package/zeallot]
Package=zeallot
Version=0.1.0
Source=CRAN
Hash=c73fb5ce649cdea435146265a0886df8

[R/Package/zip]
Package=zip
Version=2.0.2
Source=CRAN
Hash=ffc7854ebe982d3717f2bd83e2c65e7f

[R/Package/zoo]
Package=zoo
Version=1.8-6
Source=CRAN
Hash=fc7fbb5f296d526ee8bc499a91565458

