[renv]
Version=0.4.0-25

[R]
Version=3.6.1
Repositories=
	CRAN=https://cran.rstudio.com/

[Bioconductor]
Repositories=
	BioCsoft=https://bioconductor.org/packages/3.9/bioc
	BioCann=https://bioconductor.org/packages/3.9/data/annotation
	BioCexp=https://bioconductor.org/packages/3.9/data/experiment
	BioCworkflows=https://bioconductor.org/packages/3.9/workflows
	CRAN=https://cran.rstudio.com/

[R/Package/BH]
Package=BH
Version=1.69.0-1
Source=CRAN
Hash=cfad72c4156ccde689e24ed26010a931

[R/Package/DBI]
Package=DBI
Version=1.0.0
Source=CRAN
Hash=47c6631d0f98c2582ad761e4993ba9b5

[R/Package/DT]
Package=DT
Version=0.9
Source=CRAN
Hash=de13f4d00a07a1750db432be64310543

[R/Package/FNN]
Package=FNN
Version=1.1.3
Source=CRAN
Hash=b8609ceb4d102c345640d1004670efa2

[R/Package/FinancialInstrument]
Package=FinancialInstrument
Version=1.3.1
Source=CRAN
Hash=c2778dd69202ddbf518eced762b386c3

[R/Package/MASS]
Package=MASS
Version=7.3-51.4
Source=CRAN
Hash=3f74d247b4ab8e3f0fd6c8655ba4ee09

[R/Package/Matrix]
Package=Matrix
Version=1.2-17
Source=CRAN
Hash=5fcbf894490760a99057e72a0df0fe8d

[R/Package/PerformanceAnalytics]
Package=PerformanceAnalytics
Version=1.5.3
Source=CRAN
Hash=e81f78228536e2a5c3b481a2abf38e40

[R/Package/ProjectTemplate]
Package=ProjectTemplate
Version=0.9.0
Source=CRAN
Hash=8ff4de99e4e1e5ac113fd5844c8a7666

[R/Package/Quandl]
Package=Quandl
Version=2.10.0
Source=CRAN
Hash=c7d77ac07062a1fcdbd8d419f0123a62

[R/Package/R6]
Package=R6
Version=2.4.1
Source=CRAN
Hash=224dd7267ee79f013c016c52516160f1

[R/Package/RColorBrewer]
Package=RColorBrewer
Version=1.1-2
Source=CRAN
Hash=c415f5010b2a1775dc6e3bd27f609666

[R/Package/Rcpp]
Package=Rcpp
Version=1.0.3
Source=CRAN
Hash=6ac2c47c51de9f4a4af09b22a2b778cf

[R/Package/RcppArmadillo]
Package=RcppArmadillo
Version=0.9.700.2.0
Source=CRAN
Hash=87d53042d121c8127f9f460b30ea7b04

[R/Package/TTR]
Package=TTR
Version=0.23-5
Source=CRAN
Hash=1809f6eb8e21ef7387af34aa9f8fca1a

[R/Package/XML]
Package=XML
Version=3.98-1.20
Source=CRAN
Hash=ac71a10010791206fc0d36398b030f01

[R/Package/askpass]
Package=askpass
Version=1.1
Source=CRAN
Hash=22d589bdbeb821c20dcff25ff641f6fb

[R/Package/assertthat]
Package=assertthat
Version=0.2.1
Source=CRAN
Hash=47c5d99ca6da06d75f480d96b9f96422

[R/Package/automap]
Package=automap
Version=1.0-14
Source=CRAN
Hash=18aa173a6b55196ee885ee868b47c57f

[R/Package/backports]
Package=backports
Version=1.1.5
Source=CRAN
Hash=ee7b305d6a5d38a923c0a8c5a5b51fb6

[R/Package/base64enc]
Package=base64enc
Version=0.1-3
Source=CRAN
Hash=98474bb1d2468b052cdf9c94abebc97f

[R/Package/bitops]
Package=bitops
Version=1.0-6
Source=CRAN
Hash=6de632bfd4d47e0f1e7969e2a0f6a914

[R/Package/blotter]
Package=blotter
Version=0.14.7
Source=GitHub
RemoteType=github
RemoteHost=api.github.com
RemoteRepo=blotter
RemoteUsername=braverock
RemoteRef=master
RemoteSha=16349ee9b9ab7ad7df0dc5d06361932b12a0b910
Hash=157d9a679d235c0c628ed28e7cc247d8

[R/Package/boot]
Package=boot
Version=1.3-23
Source=CRAN
Hash=6a17564df3361e5bf44d62a2fb5b612c

[R/Package/broom]
Package=broom
Version=0.5.2
Source=CRAN
Hash=4d3320654f6e0fe0b4b1c339c507f5ae

[R/Package/callr]
Package=callr
Version=3.3.2
Source=CRAN
Hash=425798dc0debad64f20108bf678e8514

[R/Package/cellranger]
Package=cellranger
Version=1.1.0
Source=CRAN
Hash=2dca890fda2e0910eeacb38a2c27af72

[R/Package/checkmate]
Package=checkmate
Version=1.9.4
Source=CRAN
Hash=c4cf2b51b5b4d40ff3b4c4a9ea58cd50

[R/Package/class]
Package=class
Version=7.3-15
Source=CRAN
Hash=0a15f04d424e4c25bc348f22c57657bb

[R/Package/cli]
Package=cli
Version=2.0.0
Source=CRAN
Hash=0a5577a41d08643dd06a0fcee7d4f5d7

[R/Package/clipr]
Package=clipr
Version=0.7.0
Source=CRAN
Hash=25a0f4708d204469f7f2b7dd7ff147b4

[R/Package/codetools]
Package=codetools
Version=0.2-16
Source=CRAN
Hash=c3ba04e2aa3a227aa4f3f6daf0ba7abf

[R/Package/colorspace]
Package=colorspace
Version=1.4-1
Source=CRAN
Hash=b0f7b0980ad3d9d240be0fffea1d238b

[R/Package/commonmark]
Package=commonmark
Version=1.7
Source=CRAN
Hash=6aba1333d065559b07a73414115a8218

[R/Package/crayon]
Package=crayon
Version=1.3.4
Source=CRAN
Hash=900c1d2c8e4c61b6a1814331ec34e19a

[R/Package/crosstalk]
Package=crosstalk
Version=1.0.0
Source=CRAN
Hash=b3cd6106dd84e002933f471850fdb107

[R/Package/curl]
Package=curl
Version=4.2
Source=CRAN
Hash=c5a52bb9831004b8c05695ca7ce53564

[R/Package/d3heatmap]
Package=d3heatmap
Version=0.6.1.2
Source=CRAN
Hash=fe7b28294f8b0f293735c7d294d5b0ea

[R/Package/data.table]
Package=data.table
Version=1.12.6
Source=CRAN
Hash=e068c239e061c793c60dad4f67ee9e1f

[R/Package/dbplyr]
Package=dbplyr
Version=1.4.2
Source=CRAN
Hash=49a0d7f120de761b3e98b7cbca6cf4c2

[R/Package/dendextend]
Package=dendextend
Version=1.12.0
Source=CRAN
Hash=cce7e5779c45a19867b1acad3cd804f3

[R/Package/digest]
Package=digest
Version=0.6.23
Source=CRAN
Hash=1ce7f3282e8da1e0933b37df9309d564

[R/Package/doParallel]
Package=doParallel
Version=1.0.15
Source=CRAN
Hash=eaf3aeef5c8ebdbcb88b7727874c7f83

[R/Package/dplyr]
Package=dplyr
Version=0.8.3
Source=CRAN
Hash=55724dcfa412564a0feb53075cc62324

[R/Package/dygraphs]
Package=dygraphs
Version=1.1.1.6
Source=CRAN
Hash=efc5bfbf17114849e0a1e913fb88adce

[R/Package/e1071]
Package=e1071
Version=1.7-2
Source=CRAN
Hash=5c30d69e02250bc054d09e689ebed534

[R/Package/ellipsis]
Package=ellipsis
Version=0.3.0
Source=CRAN
Hash=aa87569ce42b3888860df8d9230c264e

[R/Package/evaluate]
Package=evaluate
Version=0.14
Source=CRAN
Hash=334a5c1c76a6dd07e7f14c521bedbf94

[R/Package/fansi]
Package=fansi
Version=0.4.0
Source=CRAN
Hash=a7730510208607abde04cfe3808e78e0

[R/Package/farver]
Package=farver
Version=2.0.1
Source=CRAN
Hash=11978493551a09e3367e6edf5cb94282

[R/Package/fastmap]
Package=fastmap
Version=1.0.1
Source=CRAN
Hash=5c5777e25dd3d79113aad77abdfbd90b

[R/Package/flexdashboard]
Package=flexdashboard
Version=0.5.1.1
Source=CRAN
Hash=e77586f370662fb5f7e65906a2947282

[R/Package/forcats]
Package=forcats
Version=0.4.0
Source=CRAN
Hash=bca530c76aabd907fa2a83d21a02db81

[R/Package/foreach]
Package=foreach
Version=1.4.7
Source=CRAN
Hash=0dfc72688f0d53a4a418b7db228f5b66

[R/Package/forecast]
Package=forecast
Version=8.9
Source=CRAN
Hash=58de0688249a32b485671e7b52d0ec89

[R/Package/foreign]
Package=foreign
Version=0.8-72
Source=CRAN
Hash=d927c21513d79a57df8d27261f0abebe

[R/Package/formattable]
Package=formattable
Version=0.2.0.1
Source=CRAN
Hash=e8a8d879a88742de9bf205884b260e76

[R/Package/fracdiff]
Package=fracdiff
Version=1.4-2
Source=CRAN
Hash=ab918d90c91e5864260e88dabb6cbba6

[R/Package/fs]
Package=fs
Version=1.3.1
Source=CRAN
Hash=8373de9bc63e2090ae6f1a0dcbc85cd0

[R/Package/generics]
Package=generics
Version=0.0.2
Source=CRAN
Hash=c8e7c83af79d6b104067cfbc27fd5191

[R/Package/ggplot2]
Package=ggplot2
Version=3.2.1
Source=CRAN
Hash=99d2d1744f5c710ba0f57a06a606c964

[R/Package/glue]
Package=glue
Version=1.3.1
Source=CRAN
Hash=50f8d48c8ebbfc4b68e55bd8bb5516ca

[R/Package/gridBase]
Package=gridBase
Version=0.4-7
Source=CRAN
Hash=0ea3ca935680eff8843566b813401eeb

[R/Package/gridExtra]
Package=gridExtra
Version=2.3
Source=CRAN
Hash=c3eb9f7194fdc98e2c1fd1f12639e37b

[R/Package/gstat]
Package=gstat
Version=2.0-3
Source=CRAN
Hash=42a8c6d6c7cfa0324a269b4793c897fa

[R/Package/gt]
Package=gt
Version=0.1.0
Source=GitHub
Remotes=rstudio/sass
RemoteType=github
RemoteHost=api.github.com
RemoteRepo=gt
RemoteUsername=rstudio
RemoteRef=master
RemoteSha=f62050132735d0104b9f3a0fcf741a05c190a26e
Hash=e2e4cc0e3b6dde344e596f770c212628

[R/Package/gtable]
Package=gtable
Version=0.3.0.9000
Source=GitHub
RemoteType=github
RemoteHost=api.github.com
RemoteRepo=gtable
RemoteUsername=r-lib
RemoteRef=master
RemoteSha=bcbcccfef7c910eb332efa4d80ad62821c61ba91
Hash=241a2c6f8b7a8521818d91a3a3dfe29d

[R/Package/haven]
Package=haven
Version=2.1.1
Source=CRAN
Hash=c5b30086751e4f9470e09673340a39db

[R/Package/here]
Package=here
Version=0.1
Source=CRAN
Hash=5a3360c3facb414fdcb3722facea181a

[R/Package/hexbin]
Package=hexbin
Version=1.27.3
Source=CRAN
Hash=90ace0b1d10e7e8b5337a17fad2f8c10

[R/Package/highcharter]
Package=highcharter
Version=0.7.0
Source=CRAN
Hash=ee469c58bef1995d2b385f7fdc997ecf

[R/Package/highr]
Package=highr
Version=0.8
Source=CRAN
Hash=e55de296dfdda8215e0c3fa0f4c6b84f

[R/Package/hms]
Package=hms
Version=0.5.1
Source=CRAN
Hash=2ef36dbccd7e54ee4957fa73c020a1ea

[R/Package/htmlTable]
Package=htmlTable
Version=1.13.2
Source=CRAN
Hash=d3cc62d48bdacabc1053e15b5240ff3c

[R/Package/htmltools]
Package=htmltools
Version=0.4.0
Source=CRAN
Hash=5b656ec6ad3ddeafc9bbdeaabdd35232

[R/Package/htmlwidgets]
Package=htmlwidgets
Version=1.5.1
Source=CRAN
Hash=e4f493ce591973141c6a111feca42ca6

[R/Package/httpuv]
Package=httpuv
Version=1.5.2
Source=CRAN
Hash=7d52588ad2945443465006de99bc5579

[R/Package/httr]
Package=httr
Version=1.4.1
Source=CRAN
Hash=524ea2734a5f440fbdf2195156ae9170

[R/Package/hydroTSM]
Package=hydroTSM
Version=0.5-1
Source=CRAN
RemoteType=github
RemoteHost=api.github.com
RemoteRepo=hydroTSM
RemoteUsername=hzambran
RemoteRef=master
RemoteSha=0c4d153fdc6cb737a84a2100a18489bd673e0c6f
Hash=54603e1e4469f9af8f4947f2ffbb7e3a

[R/Package/igraph]
Package=igraph
Version=1.2.4.1
Source=CRAN
Hash=a9aa35b8aafe83db8c27e88181ec64dc

[R/Package/intervals]
Package=intervals
Version=0.15.1
Source=CRAN
Hash=b6ad5c4edd0d95576353a948060233a0

[R/Package/iterators]
Package=iterators
Version=1.0.12
Source=CRAN
Hash=385b95db8e34263198787a00c6a011e2

[R/Package/jsonlite]
Package=jsonlite
Version=1.6
Source=CRAN
Hash=1527c6ad6c00ff3f0d0a02b01650fd87

[R/Package/knitr]
Package=knitr
Version=1.26
Source=CRAN
Hash=67737c49681df9fa63681142d2af39bf

[R/Package/labeling]
Package=labeling
Version=0.3
Source=CRAN
Hash=ffa597ca526ba3020eb878a4bc1cb8ab

[R/Package/later]
Package=later
Version=1.0.0
Source=CRAN
Hash=e96f662b74c70ad2cc582ddb03aa3099

[R/Package/lattice]
Package=lattice
Version=0.20-38
Source=CRAN
Hash=0251b49e8f0cc1f8fb68e587c519bae8

[R/Package/lazyeval]
Package=lazyeval
Version=0.2.2
Source=CRAN
Hash=c11c47f14490dbed7013c37a1a217cc1

[R/Package/lifecycle]
Package=lifecycle
Version=0.1.0
Source=CRAN
Hash=29be749d41285cd04833fd03fc138038

[R/Package/lmtest]
Package=lmtest
Version=0.9-37
Source=CRAN
Hash=75fb4f9ef0d7cc44df84055c2974aba9

[R/Package/lubridate]
Package=lubridate
Version=1.7.4
Source=CRAN
Hash=ecc440cf76cdf90c0c34de6e0a0267fb

[R/Package/magrittr]
Package=magrittr
Version=1.5
Source=CRAN
Hash=c079d05aaae9556f4dbeea615a764871

[R/Package/maps]
Package=maps
Version=3.3.0
Source=CRAN
Hash=a01c0c98959e56b80bd1d07d86be6942

[R/Package/maptools]
Package=maptools
Version=0.9-8
Source=CRAN
Hash=2e5281dc6f99000571efe341c4f4abdb

[R/Package/markdown]
Package=markdown
Version=1.1
Source=CRAN
Hash=7bab0d4877c7d644daf795abea13a260

[R/Package/mgcv]
Package=mgcv
Version=1.8-29
Source=CRAN
Hash=89bba71a6003e51bd663d60c3d567cfe

[R/Package/mime]
Package=mime
Version=0.7
Source=CRAN
Hash=e1d17e6e0d960a206a93670a75d1ef4d

[R/Package/modelr]
Package=modelr
Version=0.1.5
Source=CRAN
Hash=404c8b58a6768c609bf547c66eb5c4a6

[R/Package/munsell]
Package=munsell
Version=0.5.0
Source=CRAN
Hash=d2e295adcf750acbd8a6afd5e15a9c1b

[R/Package/nlme]
Package=nlme
Version=3.1-141
Source=CRAN
Hash=c213c54af4b57dba36fcd8d8d875bbd6

[R/Package/nnet]
Package=nnet
Version=7.3-12
Source=CRAN
Hash=b5c5b7ecc881b4b4c3ac67ac359426bf

[R/Package/openssl]
Package=openssl
Version=1.4.1
Source=CRAN
Hash=0fe29a202c1f856ad4ef0fe4cecf1ee1

[R/Package/padr]
Package=padr
Version=0.5.0
Source=CRAN
Hash=05f801c7c227560d395a422f751db62f

[R/Package/pillar]
Package=pillar
Version=1.4.2
Source=CRAN
Hash=80d354371127949c1b34cc8ec998ed06

[R/Package/pkgconfig]
Package=pkgconfig
Version=2.0.3
Source=CRAN
Hash=92eddb14d6be4b1a1eedf42a4996e3d7

[R/Package/plogr]
Package=plogr
Version=0.2.0
Source=CRAN
Hash=c61d37182e7f06c0d587aa203487b400

[R/Package/plotly]
Package=plotly
Version=4.9.0.9000
Source=GitHub
RemoteType=github
RemoteHost=api.github.com
RemoteRepo=plotly
RemoteUsername=ropensci
RemoteRef=master
RemoteSha=a689263996ae0938c2f18987877924178dba9cf6
Hash=77c8752acab90a5e0b9061a678d5c891

[R/Package/plyr]
Package=plyr
Version=1.8.5
Source=CRAN
Hash=5230e72ed4934f95608378d2509a4696

[R/Package/png]
Package=png
Version=0.1-7
Source=CRAN
Hash=1d47c5fdee296aa821438c0cadedaab6

[R/Package/prettyunits]
Package=prettyunits
Version=1.0.2
Source=CRAN
Hash=0acfa2bf224e49369bde27b7523aa660

[R/Package/processx]
Package=processx
Version=3.4.1
Source=CRAN
Hash=1bb1d4c17b5452416fc1f6151a1a47d5

[R/Package/progress]
Package=progress
Version=1.2.2
Source=CRAN
Hash=6dacbcc51f507005382b63c9dcaffed1

[R/Package/promises]
Package=promises
Version=1.1.0
Source=CRAN
Hash=a36099211e4340418aac89218ffbb4ed

[R/Package/ps]
Package=ps
Version=1.3.0
Source=CRAN
Hash=4e3748dcc2c7dc9aba1ef909f5115162

[R/Package/purrr]
Package=purrr
Version=0.3.3
Source=CRAN
Hash=964b8f287397ca5d491559da2b26fe03

[R/Package/quadprog]
Package=quadprog
Version=1.5-8
Source=CRAN
Hash=2b518d8d8ed0f13f014703b9d2aacfea

[R/Package/quantmod]
Package=quantmod
Version=0.4-15
Source=CRAN
Hash=b3518cb16ec0bf23c6577f9d1a05260a

[R/Package/quantstrat]
Package=quantstrat
Version=0.16.6
Source=GitHub
RemoteType=github
RemoteHost=api.github.com
RemoteRepo=quantstrat
RemoteUsername=braverock
RemoteRef=master
RemoteSha=9960e3e2c3c4d54fd8113b7a635b291131c9e637
Hash=0a793a81f03c951fd1c38cabc94f16da

[R/Package/readr]
Package=readr
Version=1.3.1
Source=CRAN
Hash=4226ca436745de59b208aca06fbd8b2a

[R/Package/readxl]
Package=readxl
Version=1.3.1
Source=CRAN
Hash=d191cfd37ac5d1b04eec8ef5ebbcc66c

[R/Package/rematch]
Package=rematch
Version=1.0.1
Source=CRAN
Hash=68b96cf0beeb56d18fec3b831f7b754f

[R/Package/reprex]
Package=reprex
Version=0.3.0
Source=CRAN
Hash=c104282370cf54b962b052939bb52efd

[R/Package/reshape]
Package=reshape
Version=0.8.8
Source=CRAN
Hash=df8b58edc09a999cd8612544890737be

[R/Package/reshape2]
Package=reshape2
Version=1.4.3
Source=CRAN
Hash=036286e358984519ef02581be2bd92b8

[R/Package/rlang]
Package=rlang
Version=0.4.2
Source=CRAN
Hash=db4e1fd205f45df23211a8490cb3de67

[R/Package/rlist]
Package=rlist
Version=0.4.6.1
Source=CRAN
Hash=dc6e5780cf99c7887cef7412f4cc5b26

[R/Package/rmarkdown]
Package=rmarkdown
Version=1.18
Source=CRAN
Hash=d227d5ad4e8b467d45d5a2c1dbf0d6c4

[R/Package/rprojroot]
Package=rprojroot
Version=1.3-2
Source=CRAN
Hash=c7ae364c2def3efe51c32516d6077097

[R/Package/rstudioapi]
Package=rstudioapi
Version=0.10.0-9003
Source=GitHub
RemoteType=github
RemoteHost=api.github.com
RemoteRepo=rstudioapi
RemoteUsername=rstudio
RemoteRef=master
RemoteSha=0bbfdb483d35e8199483589ab3e2b66293d2dc13
Hash=f6810447660f679de0ab27bea2f537d0

[R/Package/rvest]
Package=rvest
Version=0.3.4
Source=CRAN
Hash=5a4be171aa15de640120e6bb221c4bca

[R/Package/sass]
Package=sass
Version=0.1.2.1
Source=GitHub
RemoteType=github
RemoteHost=api.github.com
RemoteRepo=sass
RemoteUsername=rstudio
RemoteRef=master
RemoteSha=4f3d4069e28f475a67d42d293bc56a5f7d807c67
Hash=0a643875d189fc660405aaaf20f0f207

[R/Package/scales]
Package=scales
Version=1.1.0
Source=CRAN
Hash=ec5d05159fbedd8668d2d0db9c028710

[R/Package/selectr]
Package=selectr
Version=0.4-1
Source=CRAN
Hash=1fb5dfb3e338005d14339d1f89fbc15c

[R/Package/shiny]
Package=shiny
Version=1.4.0
Source=CRAN
Hash=3261edbd9cc84d16d8354b17f912c77a

[R/Package/shinyWidgets]
Package=shinyWidgets
Version=0.5.0
Source=CRAN
Hash=b5de6e782ece24bebab6ac44afba17ca

[R/Package/shinydashboard]
Package=shinydashboard
Version=0.7.1
Source=CRAN
Hash=64e142835bd8938a106374edb27681c8

[R/Package/sourcetools]
Package=sourcetools
Version=0.1.7
Source=CRAN
Hash=4f191ca8ae69d8db79e2d116458a9b39

[R/Package/sp]
Package=sp
Version=1.3-1
Source=CRAN
Hash=906135c810c46dd0c6488d2a6b5bc8c6

[R/Package/spacetime]
Package=spacetime
Version=1.2-2
Source=CRAN
Hash=820d703d3df03f8565df7a532ce9f074

[R/Package/stargazer]
Package=stargazer
Version=5.2.2
Source=CRAN
Hash=5ebf145031aa7c8599b9b570de4e4b5d

[R/Package/stringi]
Package=stringi
Version=1.4.3
Source=CRAN
Hash=196830ccb8e4ff492b37062d19c3c9b1

[R/Package/stringr]
Package=stringr
Version=1.4.0
Source=CRAN
Hash=568b942ad8065463d9beb45c212e4089

[R/Package/sys]
Package=sys
Version=3.3
Source=CRAN
Hash=0b4dd702c10b9ca5a420137b00e93112

[R/Package/tibble]
Package=tibble
Version=2.1.3
Source=CRAN
Hash=503e7aee98597f5503a772673286a95f

[R/Package/tibbletime]
Package=tibbletime
Version=0.1.3
Source=CRAN
Hash=b839e8f5ff24c20faafd3bc2f81047e9

[R/Package/tidyquant]
Package=tidyquant
Version=0.5.8
Source=CRAN
Hash=d01f694522c8807d6c331181310e758b

[R/Package/tidyr]
Package=tidyr
Version=1.0.0.9000
Source=GitHub
RemoteType=github
RemoteHost=api.github.com
RemoteRepo=tidyr
RemoteUsername=tidyverse
RemoteRef=master
RemoteSha=e8c3f23c46025941774c269eb547cffea0ed56c2
Hash=0647d6d09c780ece29741c5e0fd40ac7

[R/Package/tidyselect]
Package=tidyselect
Version=0.2.5
Source=CRAN
Hash=cb4e7e81a360b877572804e9a6311375

[R/Package/tidyverse]
Package=tidyverse
Version=1.2.1
Source=CRAN
Hash=56192e1153cfe220a3213a1c2bd8a531

[R/Package/timeDate]
Package=timeDate
Version=3043.102
Source=CRAN
Hash=ba674bf9c35f8e845917eeb0c840fa4a

[R/Package/timetk]
Package=timetk
Version=0.1.2
Source=CRAN
Hash=12cd94655bccbc6036f6b9c3cc903a76

[R/Package/tinytex]
Package=tinytex
Version=0.17.3
Source=GitHub
RemoteType=github
RemoteHost=api.github.com
RemoteRepo=tinytex
RemoteUsername=yihui
RemoteRef=master
RemoteSha=a39c69b8b58471c542a09c6037f3003741e06910
Hash=8da09d691f8d054c1b0d838791dc1a52

[R/Package/treemap]
Package=treemap
Version=2.4-2
Source=CRAN
Hash=f2c5ac93c80ff280e4beda527a53bb2d

[R/Package/tseries]
Package=tseries
Version=0.10-47
Source=CRAN
Hash=824158e560db025d8544757837e3bf2e

[R/Package/urca]
Package=urca
Version=1.3-0
Source=CRAN
Hash=40d2cc7c5db7bda10a63765cae985bc8

[R/Package/utf8]
Package=utf8
Version=1.1.4
Source=CRAN
Hash=dbacd54ef408a11a83b9c0558d897970

[R/Package/vctrs]
Package=vctrs
Version=0.2.0
Source=CRAN
Hash=7580bbbfbc822a6ae37db45c91aeaaa5

[R/Package/viridis]
Package=viridis
Version=0.5.1
Source=CRAN
Hash=77d2d12c0b7505702865f09a7e5b7930

[R/Package/viridisLite]
Package=viridisLite
Version=0.3.0
Source=CRAN
Hash=73d2a08e725a82859b9a0633f017dd89

[R/Package/whisker]
Package=whisker
Version=0.4
Source=CRAN
Hash=86f6fc98940654e601ca6d94a91c4dbd

[R/Package/withr]
Package=withr
Version=2.1.2
Source=CRAN
Hash=95b4999c4a7610bbccfd3b5d37fbaf6b

[R/Package/xfun]
Package=xfun
Version=0.11
Source=CRAN
Hash=586500db57700dbba67939e22cf3fa25

[R/Package/xml2]
Package=xml2
Version=1.2.2
Source=CRAN
Hash=a3e83d500bf88c006179131ff271a816

[R/Package/xtable]
Package=xtable
Version=1.8-4
Source=CRAN
Hash=742aa6defce9a604d675b90812e1e588

[R/Package/xts]
Package=xts
Version=0.11-2
Source=CRAN
Hash=1af835f9df13def3f6ecff97fe137259

[R/Package/yaml]
Package=yaml
Version=2.2.0
Source=CRAN
Hash=1cf8dfe48ca1f014d5bdad603950c414

[R/Package/zeallot]
Package=zeallot
Version=0.1.0
Source=CRAN
Hash=c73fb5ce649cdea435146265a0886df8

[R/Package/zoo]
Package=zoo
Version=1.8-6
Source=CRAN
Hash=fc7fbb5f296d526ee8bc499a91565458

